
Microsoft Visual Studio Solution File, Format Version 12.00
# Visual Studio Version 17
VisualStudioVersion = 17.5.33627.172
MinimumVisualStudioVersion = 10.0.40219.1
Project("{FAE04EC0-301F-11D3-BF4B-00C04F79EFBC}") = "BlazorWebAssemblyWithIdentity.Server", "Server\BlazorWebAssemblyWithIdentity.Server.csproj", "{9B07C839-5891-46AE-A157-824141FE7984}"
EndProject
Project("{FAE04EC0-301F-11D3-BF4B-00C04F79EFBC}") = "BlazorWebAssemblyWithIdentity.Client", "Client\BlazorWebAssemblyWithIdentity.Client.csproj", "{56812275-7811-48D2-93F3-71311AEE6E7A}"
EndProject
Project("{FAE04EC0-301F-11D3-BF4B-00C04F79EFBC}") = "BlazorWebAssemblyWithIdentity.Shared", "Shared\BlazorWebAssemblyWithIdentity.Shared.csproj", "{4E3CF5D7-FFC6-49CE-B730-45E3D5E83B9F}"
EndProject
Global
	GlobalSection(SolutionConfigurationPlatforms) = preSolution
		Debug|Any CPU = Debug|Any CPU
		Release|Any CPU = Release|Any CPU
	EndGlobalSection
	GlobalSection(ProjectConfigurationPlatforms) = postSolution
		{9B07C839-5891-46AE-A157-824141FE7984}.Debug|Any CPU.ActiveCfg = Debug|Any CPU
		{9B07C839-5891-46AE-A157-824141FE7984}.Debug|Any CPU.Build.0 = Debug|Any CPU
		{9B07C839-5891-46AE-A157-824141FE7984}.Release|Any CPU.ActiveCfg = Release|Any CPU
		{9B07C839-5891-46AE-A157-824141FE7984}.Release|Any CPU.Build.0 = Release|Any CPU
		{56812275-7811-48D2-93F3-71311AEE6E7A}.Debug|Any CPU.ActiveCfg = Debug|Any CPU
		{56812275-7811-48D2-93F3-71311AEE6E7A}.Debug|Any CPU.Build.0 = Debug|Any CPU
		{56812275-7811-48D2-93F3-71311AEE6E7A}.Release|Any CPU.ActiveCfg = Release|Any CPU
		{56812275-7811-48D2-93F3-71311AEE6E7A}.Release|Any CPU.Build.0 = Release|Any CPU
		{4E3CF5D7-FFC6-49CE-B730-45E3D5E83B9F}.Debug|Any CPU.ActiveCfg = Debug|Any CPU
		{4E3CF5D7-FFC6-49CE-B730-45E3D5E83B9F}.Debug|Any CPU.Build.0 = Debug|Any CPU
		{4E3CF5D7-FFC6-49CE-B730-45E3D5E83B9F}.Release|Any CPU.ActiveCfg = Release|Any CPU
		{4E3CF5D7-FFC6-49CE-B730-45E3D5E83B9F}.Release|Any CPU.Build.0 = Release|Any CPU
	EndGlobalSection
	GlobalSection(SolutionProperties) = preSolution
		HideSolutionNode = FALSE
	EndGlobalSection
	GlobalSection(ExtensibilityGlobals) = postSolution
		SolutionGuid = {DEDF4069-CB1B-46D4-858C-82462D0DD95D}
	EndGlobalSection
EndGlobal
